// !$*UTF8*$!
{
	archiveVersion = 1;
	classes = {
	};
	objectVersion = 46;
	objects = {

/* Begin PBXBuildFile section */
		513842E51EA85AF300989B7A /* AppDelegate.swift in Sources */ = {isa = PBXBuildFile; fileRef = 513842E41EA85AF300989B7A /* AppDelegate.swift */; };
		513842EA1EA85AF300989B7A /* Main.storyboard in Resources */ = {isa = PBXBuildFile; fileRef = 513842E81EA85AF300989B7A /* Main.storyboard */; };
		513842EC1EA85AF300989B7A /* Assets.xcassets in Resources */ = {isa = PBXBuildFile; fileRef = 513842EB1EA85AF300989B7A /* Assets.xcassets */; };
		513842EF1EA85AF300989B7A /* LaunchScreen.storyboard in Resources */ = {isa = PBXBuildFile; fileRef = 513842ED1EA85AF300989B7A /* LaunchScreen.storyboard */; };
		513842F71EA85E2200989B7A /* LoginViewController.swift in Sources */ = {isa = PBXBuildFile; fileRef = 513842F61EA85E2200989B7A /* LoginViewController.swift */; };
		513842F91EA85E5C00989B7A /* PostInfoViewController.swift in Sources */ = {isa = PBXBuildFile; fileRef = 513842F81EA85E5C00989B7A /* PostInfoViewController.swift */; };
		513842FB1EA8849A00989B7A /* MapViewController.swift in Sources */ = {isa = PBXBuildFile; fileRef = 513842FA1EA8849A00989B7A /* MapViewController.swift */; };
		513842FF1EA8850400989B7A /* ListTableViewController.swift in Sources */ = {isa = PBXBuildFile; fileRef = 513842FE1EA8850400989B7A /* ListTableViewController.swift */; };
		513843011EA8909400989B7A /* OnTheMapViewController.swift in Sources */ = {isa = PBXBuildFile; fileRef = 513843001EA8909400989B7A /* OnTheMapViewController.swift */; };
		513843041EA9A75000989B7A /* StudentInformation.swift in Sources */ = {isa = PBXBuildFile; fileRef = 513843031EA9A75000989B7A /* StudentInformation.swift */; };
		513843061EA9B3E400989B7A /* SIConstants.swift in Sources */ = {isa = PBXBuildFile; fileRef = 513843051EA9B3E400989B7A /* SIConstants.swift */; };
		513843081EA9B5AA00989B7A /* SIClient.swift in Sources */ = {isa = PBXBuildFile; fileRef = 513843071EA9B5AA00989B7A /* SIClient.swift */; };
/* End PBXBuildFile section */

/* Begin PBXFileReference section */
		513842E11EA85AF300989B7A /* UdacityOnTheMap.app */ = {isa = PBXFileReference; explicitFileType = wrapper.application; includeInIndex = 0; path = UdacityOnTheMap.app; sourceTree = BUILT_PRODUCTS_DIR; };
		513842E41EA85AF300989B7A /* AppDelegate.swift */ = {isa = PBXFileReference; lastKnownFileType = sourcecode.swift; path = AppDelegate.swift; sourceTree = "<group>"; };
		513842E91EA85AF300989B7A /* Base */ = {isa = PBXFileReference; lastKnownFileType = file.storyboard; name = Base; path = Base.lproj/Main.storyboard; sourceTree = "<group>"; };
		513842EB1EA85AF300989B7A /* Assets.xcassets */ = {isa = PBXFileReference; lastKnownFileType = folder.assetcatalog; path = Assets.xcassets; sourceTree = "<group>"; };
		513842EE1EA85AF300989B7A /* Base */ = {isa = PBXFileReference; lastKnownFileType = file.storyboard; name = Base; path = Base.lproj/LaunchScreen.storyboard; sourceTree = "<group>"; };
		513842F01EA85AF300989B7A /* Info.plist */ = {isa = PBXFileReference; lastKnownFileType = text.plist.xml; path = Info.plist; sourceTree = "<group>"; };
		513842F61EA85E2200989B7A /* LoginViewController.swift */ = {isa = PBXFileReference; fileEncoding = 4; lastKnownFileType = sourcecode.swift; path = LoginViewController.swift; sourceTree = "<group>"; };
		513842F81EA85E5C00989B7A /* PostInfoViewController.swift */ = {isa = PBXFileReference; fileEncoding = 4; lastKnownFileType = sourcecode.swift; path = PostInfoViewController.swift; sourceTree = "<group>"; };
		513842FA1EA8849A00989B7A /* MapViewController.swift */ = {isa = PBXFileReference; fileEncoding = 4; lastKnownFileType = sourcecode.swift; path = MapViewController.swift; sourceTree = "<group>"; };
		513842FE1EA8850400989B7A /* ListTableViewController.swift */ = {isa = PBXFileReference; fileEncoding = 4; lastKnownFileType = sourcecode.swift; name = ListTableViewController.swift; path = ../ListTableViewController.swift; sourceTree = "<group>"; };
		513843001EA8909400989B7A /* OnTheMapViewController.swift */ = {isa = PBXFileReference; fileEncoding = 4; lastKnownFileType = sourcecode.swift; path = OnTheMapViewController.swift; sourceTree = "<group>"; };
		513843031EA9A75000989B7A /* StudentInformation.swift */ = {isa = PBXFileReference; fileEncoding = 4; lastKnownFileType = sourcecode.swift; path = StudentInformation.swift; sourceTree = "<group>"; };
		513843051EA9B3E400989B7A /* SIConstants.swift */ = {isa = PBXFileReference; fileEncoding = 4; lastKnownFileType = sourcecode.swift; path = SIConstants.swift; sourceTree = "<group>"; };
		513843071EA9B5AA00989B7A /* SIClient.swift */ = {isa = PBXFileReference; fileEncoding = 4; lastKnownFileType = sourcecode.swift; path = SIClient.swift; sourceTree = "<group>"; };
/* End PBXFileReference section */

/* Begin PBXFrameworksBuildPhase section */
		513842DE1EA85AF300989B7A /* Frameworks */ = {
			isa = PBXFrameworksBuildPhase;
			buildActionMask = 2147483647;
			files = (
			);
			runOnlyForDeploymentPostprocessing = 0;
		};
/* End PBXFrameworksBuildPhase section */

/* Begin PBXGroup section */
		513842D81EA85AF300989B7A = {
			isa = PBXGroup;
			children = (
				513842E31EA85AF300989B7A /* UdacityOnTheMap */,
				513842E21EA85AF300989B7A /* Products */,
			);
			sourceTree = "<group>";
		};
		513842E21EA85AF300989B7A /* Products */ = {
			isa = PBXGroup;
			children = (
				513842E11EA85AF300989B7A /* UdacityOnTheMap.app */,
			);
			name = Products;
			sourceTree = "<group>";
		};
		513842E31EA85AF300989B7A /* UdacityOnTheMap */ = {
			isa = PBXGroup;
			children = (
				513842E41EA85AF300989B7A /* AppDelegate.swift */,
				513843031EA9A75000989B7A /* StudentInformation.swift */,
				513843051EA9B3E400989B7A /* SIConstants.swift */,
				513843071EA9B5AA00989B7A /* SIClient.swift */,
				513843021EA9A6D500989B7A /* controller */,
				513842E81EA85AF300989B7A /* Main.storyboard */,
				513842EB1EA85AF300989B7A /* Assets.xcassets */,
				513842ED1EA85AF300989B7A /* LaunchScreen.storyboard */,
				513842F01EA85AF300989B7A /* Info.plist */,
			);
			path = UdacityOnTheMap;
			sourceTree = "<group>";
		};
		513843021EA9A6D500989B7A /* controller */ = {
			isa = PBXGroup;
			children = (
				513842F61EA85E2200989B7A /* LoginViewController.swift */,
				513842F81EA85E5C00989B7A /* PostInfoViewController.swift */,
				513842FA1EA8849A00989B7A /* MapViewController.swift */,
				513842FE1EA8850400989B7A /* ListTableViewController.swift */,
				513843001EA8909400989B7A /* OnTheMapViewController.swift */,
			);
			name = controller;
			sourceTree = "<group>";
		};
/* End PBXGroup section */

/* Begin PBXNativeTarget section */
		513842E01EA85AF300989B7A /* UdacityOnTheMap */ = {
			isa = PBXNativeTarget;
			buildConfigurationList = 513842F31EA85AF300989B7A /* Build configuration list for PBXNativeTarget "UdacityOnTheMap" */;
			buildPhases = (
				513842DD1EA85AF300989B7A /* Sources */,
				513842DE1EA85AF300989B7A /* Frameworks */,
				513842DF1EA85AF300989B7A /* Resources */,
			);
			buildRules = (
			);
			dependencies = (
			);
			name = UdacityOnTheMap;
			productName = UdacityOnTheMap;
			productReference = 513842E11EA85AF300989B7A /* UdacityOnTheMap.app */;
			productType = "com.apple.product-type.application";
		};
/* End PBXNativeTarget section */

/* Begin PBXProject section */
		513842D91EA85AF300989B7A /* Project object */ = {
			isa = PBXProject;
			attributes = {
				LastSwiftUpdateCheck = 0820;
				LastUpgradeCheck = 0820;
				ORGANIZATIONNAME = Amazon;
				TargetAttributes = {
					513842E01EA85AF300989B7A = {
						CreatedOnToolsVersion = 8.2.1;
						DevelopmentTeam = QH9Y2868E6;
						ProvisioningStyle = Automatic;
					};
				};
			};
			buildConfigurationList = 513842DC1EA85AF300989B7A /* Build configuration list for PBXProject "UdacityOnTheMap" */;
			compatibilityVersion = "Xcode 3.2";
			developmentRegion = English;
			hasScannedForEncodings = 0;
			knownRegions = (
				en,
				Base,
			);
			mainGroup = 513842D81EA85AF300989B7A;
			productRefGroup = 513842E21EA85AF300989B7A /* Products */;
			projectDirPath = "";
			projectRoot = "";
			targets = (
				513842E01EA85AF300989B7A /* UdacityOnTheMap */,
			);
		};
/* End PBXProject section */

/* Begin PBXResourcesBuildPhase section */
		513842DF1EA85AF300989B7A /* Resources */ = {
			isa = PBXResourcesBuildPhase;
			buildActionMask = 2147483647;
			files = (
				513842EF1EA85AF300989B7A /* LaunchScreen.storyboard in Resources */,
				513842EC1EA85AF300989B7A /* Assets.xcassets in Resources */,
				513842EA1EA85AF300989B7A /* Main.storyboard in Resources */,
			);
			runOnlyForDeploymentPostprocessing = 0;
		};
/* End PBXResourcesBuildPhase section */

/* Begin PBXSourcesBuildPhase section */
		513842DD1EA85AF300989B7A /* Sources */ = {
			isa = PBXSourcesBuildPhase;
			buildActionMask = 2147483647;
			files = (
				513843041EA9A75000989B7A /* StudentInformation.swift in Sources */,
				513843011EA8909400989B7A /* OnTheMapViewController.swift in Sources */,
				513842F91EA85E5C00989B7A /* PostInfoViewController.swift in Sources */,
				513842F71EA85E2200989B7A /* LoginViewController.swift in Sources */,
				513842FF1EA8850400989B7A /* ListTableViewController.swift in Sources */,
				513842FB1EA8849A00989B7A /* MapViewController.swift in Sources */,
				513842E51EA85AF300989B7A /* AppDelegate.swift in Sources */,
				513843081EA9B5AA00989B7A /* SIClient.swift in Sources */,
				513843061EA9B3E400989B7A /* SIConstants.swift in Sources */,
			);
			runOnlyForDeploymentPostprocessing = 0;
		};
/* End PBXSourcesBuildPhase section */

/* Begin PBXVariantGroup section */
		513842E81EA85AF300989B7A /* Main.storyboard */ = {
			isa = PBXVariantGroup;
			children = (
				513842E91EA85AF300989B7A /* Base */,
			);
			name = Main.storyboard;
			sourceTree = "<group>";
		};
		513842ED1EA85AF300989B7A /* LaunchScreen.storyboard */ = {
			isa = PBXVariantGroup;
			children = (
				513842EE1EA85AF300989B7A /* Base */,
			);
			name = LaunchScreen.storyboard;
			sourceTree = "<group>";
		};
/* End PBXVariantGroup section */

/* Begin XCBuildConfiguration section */
		513842F11EA85AF300989B7A /* Debug */ = {
			isa = XCBuildConfiguration;
			buildSettings = {
				ALWAYS_SEARCH_USER_PATHS = NO;
				CLANG_ANALYZER_NONNULL = YES;
				CLANG_CXX_LANGUAGE_STANDARD = "gnu++0x";
				CLANG_CXX_LIBRARY = "libc++";
				CLANG_ENABLE_MODULES = YES;
				CLANG_ENABLE_OBJC_ARC = YES;
				CLANG_WARN_BOOL_CONVERSION = YES;
				CLANG_WARN_CONSTANT_CONVERSION = YES;
				CLANG_WARN_DIRECT_OBJC_ISA_USAGE = YES_ERROR;
				CLANG_WARN_DOCUMENTATION_COMMENTS = YES;
				CLANG_WARN_EMPTY_BODY = YES;
				CLANG_WARN_ENUM_CONVERSION = YES;
				CLANG_WARN_INFINITE_RECURSION = YES;
				CLANG_WARN_INT_CONVERSION = YES;
				CLANG_WARN_OBJC_ROOT_CLASS = YES_ERROR;
				CLANG_WARN_SUSPICIOUS_MOVE = YES;
				CLANG_WARN_UNREACHABLE_CODE = YES;
				CLANG_WARN__DUPLICATE_METHOD_MATCH = YES;
				"CODE_SIGN_IDENTITY[sdk=iphoneos*]" = "iPhone Developer";
				COPY_PHASE_STRIP = NO;
				DEBUG_INFORMATION_FORMAT = dwarf;
				ENABLE_STRICT_OBJC_MSGSEND = YES;
				ENABLE_TESTABILITY = YES;
				GCC_C_LANGUAGE_STANDARD = gnu99;
				GCC_DYNAMIC_NO_PIC = NO;
				GCC_NO_COMMON_BLOCKS = YES;
				GCC_OPTIMIZATION_LEVEL = 0;
				GCC_PREPROCESSOR_DEFINITIONS = (
					"DEBUG=1",
					"$(inherited)",
				);
				GCC_WARN_64_TO_32_BIT_CONVERSION = YES;
				GCC_WARN_ABOUT_RETURN_TYPE = YES_ERROR;
				GCC_WARN_UNDECLARED_SELECTOR = YES;
				GCC_WARN_UNINITIALIZED_AUTOS = YES_AGGRESSIVE;
				GCC_WARN_UNUSED_FUNCTION = YES;
				GCC_WARN_UNUSED_VARIABLE = YES;
				IPHONEOS_DEPLOYMENT_TARGET = 10.2;
				MTL_ENABLE_DEBUG_INFO = YES;
				ONLY_ACTIVE_ARCH = YES;
				SDKROOT = iphoneos;
				SWIFT_ACTIVE_COMPILATION_CONDITIONS = DEBUG;
				SWIFT_OPTIMIZATION_LEVEL = "-Onone";
			};
			name = Debug;
		};
		513842F21EA85AF300989B7A /* Release */ = {
			isa = XCBuildConfiguration;
			buildSettings = {
				ALWAYS_SEARCH_USER_PATHS = NO;
				CLANG_ANALYZER_NONNULL = YES;
				CLANG_CXX_LANGUAGE_STANDARD = "gnu++0x";
				CLANG_CXX_LIBRARY = "libc++";
				CLANG_ENABLE_MODULES = YES;
				CLANG_ENABLE_OBJC_ARC = YES;
				CLANG_WARN_BOOL_CONVERSION = YES;
				CLANG_WARN_CONSTANT_CONVERSION = YES;
				CLANG_WARN_DIRECT_OBJC_ISA_USAGE = YES_ERROR;
				CLANG_WARN_DOCUMENTATION_COMMENTS = YES;
				CLANG_WARN_EMPTY_BODY = YES;
				CLANG_WARN_ENUM_CONVERSION = YES;
				CLANG_WARN_INFINITE_RECURSION = YES;
				CLANG_WARN_INT_CONVERSION = YES;
				CLANG_WARN_OBJC_ROOT_CLASS = YES_ERROR;
				CLANG_WARN_SUSPICIOUS_MOVE = YES;
				CLANG_WARN_UNREACHABLE_CODE = YES;
				CLANG_WARN__DUPLICATE_METHOD_MATCH = YES;
				"CODE_SIGN_IDENTITY[sdk=iphoneos*]" = "iPhone Developer";
				COPY_PHASE_STRIP = NO;
				DEBUG_INFORMATION_FORMAT = "dwarf-with-dsym";
				ENABLE_NS_ASSERTIONS = NO;
				ENABLE_STRICT_OBJC_MSGSEND = YES;
				GCC_C_LANGUAGE_STANDARD = gnu99;
				GCC_NO_COMMON_BLOCKS = YES;
				GCC_WARN_64_TO_32_BIT_CONVERSION = YES;
				GCC_WARN_ABOUT_RETURN_TYPE = YES_ERROR;
				GCC_WARN_UNDECLARED_SELECTOR = YES;
				GCC_WARN_UNINITIALIZED_AUTOS = YES_AGGRESSIVE;
				GCC_WARN_UNUSED_FUNCTION = YES;
				GCC_WARN_UNUSED_VARIABLE = YES;
				IPHONEOS_DEPLOYMENT_TARGET = 10.2;
				MTL_ENABLE_DEBUG_INFO = NO;
				SDKROOT = iphoneos;
				SWIFT_OPTIMIZATION_LEVEL = "-Owholemodule";
				VALIDATE_PRODUCT = YES;
			};
			name = Release;
		};
		513842F41EA85AF300989B7A /* Debug */ = {
			isa = XCBuildConfiguration;
			buildSettings = {
				ASSETCATALOG_COMPILER_APPICON_NAME = AppIcon;
				DEVELOPMENT_TEAM = QH9Y2868E6;
				INFOPLIST_FILE = UdacityOnTheMap/Info.plist;
				LD_RUNPATH_SEARCH_PATHS = "$(inherited) @executable_path/Frameworks";
				PRODUCT_BUNDLE_IDENTIFIER = mShop.UdacityOnTheMap;
				PRODUCT_NAME = "$(TARGET_NAME)";
				SWIFT_VERSION = 3.0;
			};
			name = Debug;
		};
		513842F51EA85AF300989B7A /* Release */ = {
			isa = XCBuildConfiguration;
			buildSettings = {
				ASSETCATALOG_COMPILER_APPICON_NAME = AppIcon;
				DEVELOPMENT_TEAM = QH9Y2868E6;
				INFOPLIST_FILE = UdacityOnTheMap/Info.plist;
				LD_RUNPATH_SEARCH_PATHS = "$(inherited) @executable_path/Frameworks";
				PRODUCT_BUNDLE_IDENTIFIER = mShop.UdacityOnTheMap;
				PRODUCT_NAME = "$(TARGET_NAME)";
				SWIFT_VERSION = 3.0;
			};
			name = Release;
		};
/* End XCBuildConfiguration section */

/* Begin XCConfigurationList section */
		513842DC1EA85AF300989B7A /* Build configuration list for PBXProject "UdacityOnTheMap" */ = {
			isa = XCConfigurationList;
			buildConfigurations = (
				513842F11EA85AF300989B7A /* Debug */,
				513842F21EA85AF300989B7A /* Release */,
			);
			defaultConfigurationIsVisible = 0;
			defaultConfigurationName = Release;
		};
		513842F31EA85AF300989B7A /* Build configuration list for PBXNativeTarget "UdacityOnTheMap" */ = {
			isa = XCConfigurationList;
			buildConfigurations = (
				513842F41EA85AF300989B7A /* Debug */,
				513842F51EA85AF300989B7A /* Release */,
			);
			defaultConfigurationIsVisible = 0;
		};
/* End XCConfigurationList section */
	};
	rootObject = 513842D91EA85AF300989B7A /* Project object */;
}
